// !$*UTF8*$!
{
	archiveVersion = 1;
	classes = {
	};
	objectVersion = 52;
	objects = {

/* Begin PBXBuildFile section */
		7932BCFF2388DAE500B4F9A4 /* AppDelegate.swift in Sources */ = {isa = PBXBuildFile; fileRef = 7932BCFE2388DAE500B4F9A4 /* AppDelegate.swift */; };
		7932BD012388DAE500B4F9A4 /* SceneDelegate.swift in Sources */ = {isa = PBXBuildFile; fileRef = 7932BD002388DAE500B4F9A4 /* SceneDelegate.swift */; };
		7932BD032388DAE500B4F9A4 /* ContentView.swift in Sources */ = {isa = PBXBuildFile; fileRef = 7932BD022388DAE500B4F9A4 /* ContentView.swift */; };
		7932BD052388DAE700B4F9A4 /* Assets.xcassets in Resources */ = {isa = PBXBuildFile; fileRef = 7932BD042388DAE700B4F9A4 /* Assets.xcassets */; };
		7932BD082388DAE700B4F9A4 /* Preview Assets.xcassets in Resources */ = {isa = PBXBuildFile; fileRef = 7932BD072388DAE700B4F9A4 /* Preview Assets.xcassets */; };
		7932BD0B2388DAE700B4F9A4 /* LaunchScreen.storyboard in Resources */ = {isa = PBXBuildFile; fileRef = 7932BD092388DAE700B4F9A4 /* LaunchScreen.storyboard */; };
		7932BD132388DB4F00B4F9A4 /* MainController.swift in Sources */ = {isa = PBXBuildFile; fileRef = 7932BD122388DB4F00B4F9A4 /* MainController.swift */; };
		7932BD162388DFF000B4F9A4 /* LBTATools in Frameworks */ = {isa = PBXBuildFile; productRef = 7932BD152388DFF000B4F9A4 /* LBTATools */; };
		7932BD182388E74400B4F9A4 /* PhotosGridController.swift in Sources */ = {isa = PBXBuildFile; fileRef = 7932BD172388E74400B4F9A4 /* PhotosGridController.swift */; };
/* End PBXBuildFile section */

/* Begin PBXFileReference section */
		7932BCFB2388DAE500B4F9A4 /* FB2019_lbta.app */ = {isa = PBXFileReference; explicitFileType = wrapper.application; includeInIndex = 0; path = FB2019_lbta.app; sourceTree = BUILT_PRODUCTS_DIR; };
		7932BCFE2388DAE500B4F9A4 /* AppDelegate.swift */ = {isa = PBXFileReference; lastKnownFileType = sourcecode.swift; path = AppDelegate.swift; sourceTree = "<group>"; };
		7932BD002388DAE500B4F9A4 /* SceneDelegate.swift */ = {isa = PBXFileReference; lastKnownFileType = sourcecode.swift; path = SceneDelegate.swift; sourceTree = "<group>"; };
		7932BD022388DAE500B4F9A4 /* ContentView.swift */ = {isa = PBXFileReference; lastKnownFileType = sourcecode.swift; path = ContentView.swift; sourceTree = "<group>"; };
		7932BD042388DAE700B4F9A4 /* Assets.xcassets */ = {isa = PBXFileReference; lastKnownFileType = folder.assetcatalog; path = Assets.xcassets; sourceTree = "<group>"; };
		7932BD072388DAE700B4F9A4 /* Preview Assets.xcassets */ = {isa = PBXFileReference; lastKnownFileType = folder.assetcatalog; path = "Preview Assets.xcassets"; sourceTree = "<group>"; };
		7932BD0A2388DAE700B4F9A4 /* Base */ = {isa = PBXFileReference; lastKnownFileType = file.storyboard; name = Base; path = Base.lproj/LaunchScreen.storyboard; sourceTree = "<group>"; };
		7932BD0C2388DAE700B4F9A4 /* Info.plist */ = {isa = PBXFileReference; lastKnownFileType = text.plist.xml; path = Info.plist; sourceTree = "<group>"; };
		7932BD122388DB4F00B4F9A4 /* MainController.swift */ = {isa = PBXFileReference; lastKnownFileType = sourcecode.swift; path = MainController.swift; sourceTree = "<group>"; };
		7932BD172388E74400B4F9A4 /* PhotosGridController.swift */ = {isa = PBXFileReference; lastKnownFileType = sourcecode.swift; path = PhotosGridController.swift; sourceTree = "<group>"; };
/* End PBXFileReference section */

/* Begin PBXFrameworksBuildPhase section */
		7932BCF82388DAE500B4F9A4 /* Frameworks */ = {
			isa = PBXFrameworksBuildPhase;
			buildActionMask = 2147483647;
			files = (
				7932BD162388DFF000B4F9A4 /* LBTATools in Frameworks */,
			);
			runOnlyForDeploymentPostprocessing = 0;
		};
/* End PBXFrameworksBuildPhase section */

/* Begin PBXGroup section */
		7932BCF22388DAE500B4F9A4 = {
			isa = PBXGroup;
			children = (
				7932BCFD2388DAE500B4F9A4 /* FB2019_lbta */,
				7932BCFC2388DAE500B4F9A4 /* Products */,
			);
			sourceTree = "<group>";
		};
		7932BCFC2388DAE500B4F9A4 /* Products */ = {
			isa = PBXGroup;
			children = (
				7932BCFB2388DAE500B4F9A4 /* FB2019_lbta.app */,
			);
			name = Products;
			sourceTree = "<group>";
		};
		7932BCFD2388DAE500B4F9A4 /* FB2019_lbta */ = {
			isa = PBXGroup;
			children = (
				7932BCFE2388DAE500B4F9A4 /* AppDelegate.swift */,
				7932BD002388DAE500B4F9A4 /* SceneDelegate.swift */,
				7932BD022388DAE500B4F9A4 /* ContentView.swift */,
				7932BD042388DAE700B4F9A4 /* Assets.xcassets */,
				7932BD092388DAE700B4F9A4 /* LaunchScreen.storyboard */,
				7932BD0C2388DAE700B4F9A4 /* Info.plist */,
				7932BD062388DAE700B4F9A4 /* Preview Content */,
				7932BD122388DB4F00B4F9A4 /* MainController.swift */,
				7932BD172388E74400B4F9A4 /* PhotosGridController.swift */,
			);
			path = FB2019_lbta;
			sourceTree = "<group>";
		};
		7932BD062388DAE700B4F9A4 /* Preview Content */ = {
			isa = PBXGroup;
			children = (
				7932BD072388DAE700B4F9A4 /* Preview Assets.xcassets */,
			);
			path = "Preview Content";
			sourceTree = "<group>";
		};
/* End PBXGroup section */

/* Begin PBXNativeTarget section */
		7932BCFA2388DAE500B4F9A4 /* FB2019_lbta */ = {
			isa = PBXNativeTarget;
			buildConfigurationList = 7932BD0F2388DAE700B4F9A4 /* Build configuration list for PBXNativeTarget "FB2019_lbta" */;
			buildPhases = (
				7932BCF72388DAE500B4F9A4 /* Sources */,
				7932BCF82388DAE500B4F9A4 /* Frameworks */,
				7932BCF92388DAE500B4F9A4 /* Resources */,
			);
			buildRules = (
			);
			dependencies = (
			);
			name = FB2019_lbta;
			packageProductDependencies = (
				7932BD152388DFF000B4F9A4 /* LBTATools */,
			);
			productName = FB2019_lbta;
			productReference = 7932BCFB2388DAE500B4F9A4 /* FB2019_lbta.app */;
			productType = "com.apple.product-type.application";
		};
/* End PBXNativeTarget section */

/* Begin PBXProject section */
		7932BCF32388DAE500B4F9A4 /* Project object */ = {
			isa = PBXProject;
			attributes = {
				LastSwiftUpdateCheck = 1120;
				LastUpgradeCheck = 1120;
				ORGANIZATIONNAME = "Nick He";
				TargetAttributes = {
					7932BCFA2388DAE500B4F9A4 = {
						CreatedOnToolsVersion = 11.2.1;
					};
				};
			};
			buildConfigurationList = 7932BCF62388DAE500B4F9A4 /* Build configuration list for PBXProject "FB2019_lbta" */;
			compatibilityVersion = "Xcode 9.3";
			developmentRegion = en;
			hasScannedForEncodings = 0;
			knownRegions = (
				en,
				Base,
			);
			mainGroup = 7932BCF22388DAE500B4F9A4;
			packageReferences = (
				7932BD142388DFF000B4F9A4 /* XCRemoteSwiftPackageReference "LBTATools" */,
			);
			productRefGroup = 7932BCFC2388DAE500B4F9A4 /* Products */;
			projectDirPath = "";
			projectRoot = "";
			targets = (
				7932BCFA2388DAE500B4F9A4 /* FB2019_lbta */,
			);
		};
/* End PBXProject section */

/* Begin PBXResourcesBuildPhase section */
		7932BCF92388DAE500B4F9A4 /* Resources */ = {
			isa = PBXResourcesBuildPhase;
			buildActionMask = 2147483647;
			files = (
				7932BD0B2388DAE700B4F9A4 /* LaunchScreen.storyboard in Resources */,
				7932BD082388DAE700B4F9A4 /* Preview Assets.xcassets in Resources */,
				7932BD052388DAE700B4F9A4 /* Assets.xcassets in Resources */,
			);
			runOnlyForDeploymentPostprocessing = 0;
		};
/* End PBXResourcesBuildPhase section */

/* Begin PBXSourcesBuildPhase section */
		7932BCF72388DAE500B4F9A4 /* Sources */ = {
			isa = PBXSourcesBuildPhase;
			buildActionMask = 2147483647;
			files = (
				7932BD132388DB4F00B4F9A4 /* MainController.swift in Sources */,
				7932BCFF2388DAE500B4F9A4 /* AppDelegate.swift in Sources */,
				7932BD012388DAE500B4F9A4 /* SceneDelegate.swift in Sources */,
				7932BD182388E74400B4F9A4 /* PhotosGridController.swift in Sources */,
				7932BD032388DAE500B4F9A4 /* ContentView.swift in Sources */,
			);
			runOnlyForDeploymentPostprocessing = 0;
		};
/* End PBXSourcesBuildPhase section */

/* Begin PBXVariantGroup section */
		7932BD092388DAE700B4F9A4 /* LaunchScreen.storyboard */ = {
			isa = PBXVariantGroup;
			children = (
				7932BD0A2388DAE700B4F9A4 /* Base */,
			);
			name = LaunchScreen.storyboard;
			sourceTree = "<group>";
		};
/* End PBXVariantGroup section */

/* Begin XCBuildConfiguration section */
		7932BD0D2388DAE700B4F9A4 /* Debug */ = {
			isa = XCBuildConfiguration;
			buildSettings = {
				ALWAYS_SEARCH_USER_PATHS = NO;
				CLANG_ANALYZER_NONNULL = YES;
				CLANG_ANALYZER_NUMBER_OBJECT_CONVERSION = YES_AGGRESSIVE;
				CLANG_CXX_LANGUAGE_STANDARD = "gnu++14";
				CLANG_CXX_LIBRARY = "libc++";
				CLANG_ENABLE_MODULES = YES;
				CLANG_ENABLE_OBJC_ARC = YES;
				CLANG_ENABLE_OBJC_WEAK = YES;
				CLANG_WARN_BLOCK_CAPTURE_AUTORELEASING = YES;
				CLANG_WARN_BOOL_CONVERSION = YES;
				CLANG_WARN_COMMA = YES;
				CLANG_WARN_CONSTANT_CONVERSION = YES;
				CLANG_WARN_DEPRECATED_OBJC_IMPLEMENTATIONS = YES;
				CLANG_WARN_DIRECT_OBJC_ISA_USAGE = YES_ERROR;
				CLANG_WARN_DOCUMENTATION_COMMENTS = YES;
				CLANG_WARN_EMPTY_BODY = YES;
				CLANG_WARN_ENUM_CONVERSION = YES;
				CLANG_WARN_INFINITE_RECURSION = YES;
				CLANG_WARN_INT_CONVERSION = YES;
				CLANG_WARN_NON_LITERAL_NULL_CONVERSION = YES;
				CLANG_WARN_OBJC_IMPLICIT_RETAIN_SELF = YES;
				CLANG_WARN_OBJC_LITERAL_CONVERSION = YES;
				CLANG_WARN_OBJC_ROOT_CLASS = YES_ERROR;
				CLANG_WARN_RANGE_LOOP_ANALYSIS = YES;
				CLANG_WARN_STRICT_PROTOTYPES = YES;
				CLANG_WARN_SUSPICIOUS_MOVE = YES;
				CLANG_WARN_UNGUARDED_AVAILABILITY = YES_AGGRESSIVE;
				CLANG_WARN_UNREACHABLE_CODE = YES;
				CLANG_WARN__DUPLICATE_METHOD_MATCH = YES;
				COPY_PHASE_STRIP = NO;
				DEBUG_INFORMATION_FORMAT = dwarf;
				ENABLE_STRICT_OBJC_MSGSEND = YES;
				ENABLE_TESTABILITY = YES;
				GCC_C_LANGUAGE_STANDARD = gnu11;
				GCC_DYNAMIC_NO_PIC = NO;
				GCC_NO_COMMON_BLOCKS = YES;
				GCC_OPTIMIZATION_LEVEL = 0;
				GCC_PREPROCESSOR_DEFINITIONS = (
					"DEBUG=1",
					"$(inherited)",
				);
				GCC_WARN_64_TO_32_BIT_CONVERSION = YES;
				GCC_WARN_ABOUT_RETURN_TYPE = YES_ERROR;
				GCC_WARN_UNDECLARED_SELECTOR = YES;
				GCC_WARN_UNINITIALIZED_AUTOS = YES_AGGRESSIVE;
				GCC_WARN_UNUSED_FUNCTION = YES;
				GCC_WARN_UNUSED_VARIABLE = YES;
				IPHONEOS_DEPLOYMENT_TARGET = 13.2;
				MTL_ENABLE_DEBUG_INFO = INCLUDE_SOURCE;
				MTL_FAST_MATH = YES;
				ONLY_ACTIVE_ARCH = YES;
				SDKROOT = iphoneos;
				SWIFT_ACTIVE_COMPILATION_CONDITIONS = DEBUG;
				SWIFT_OPTIMIZATION_LEVEL = "-Onone";
			};
			name = Debug;
		};
		7932BD0E2388DAE700B4F9A4 /* Release */ = {
			isa = XCBuildConfiguration;
			buildSettings = {
				ALWAYS_SEARCH_USER_PATHS = NO;
				CLANG_ANALYZER_NONNULL = YES;
				CLANG_ANALYZER_NUMBER_OBJECT_CONVERSION = YES_AGGRESSIVE;
				CLANG_CXX_LANGUAGE_STANDARD = "gnu++14";
				CLANG_CXX_LIBRARY = "libc++";
				CLANG_ENABLE_MODULES = YES;
				CLANG_ENABLE_OBJC_ARC = YES;
				CLANG_ENABLE_OBJC_WEAK = YES;
				CLANG_WARN_BLOCK_CAPTURE_AUTORELEASING = YES;
				CLANG_WARN_BOOL_CONVERSION = YES;
				CLANG_WARN_COMMA = YES;
				CLANG_WARN_CONSTANT_CONVERSION = YES;
				CLANG_WARN_DEPRECATED_OBJC_IMPLEMENTATIONS = YES;
				CLANG_WARN_DIRECT_OBJC_ISA_USAGE = YES_ERROR;
				CLANG_WARN_DOCUMENTATION_COMMENTS = YES;
				CLANG_WARN_EMPTY_BODY = YES;
				CLANG_WARN_ENUM_CONVERSION = YES;
				CLANG_WARN_INFINITE_RECURSION = YES;
				CLANG_WARN_INT_CONVERSION = YES;
				CLANG_WARN_NON_LITERAL_NULL_CONVERSION = YES;
				CLANG_WARN_OBJC_IMPLICIT_RETAIN_SELF = YES;
				CLANG_WARN_OBJC_LITERAL_CONVERSION = YES;
				CLANG_WARN_OBJC_ROOT_CLASS = YES_ERROR;
				CLANG_WARN_RANGE_LOOP_ANALYSIS = YES;
				CLANG_WARN_STRICT_PROTOTYPES = YES;
				CLANG_WARN_SUSPICIOUS_MOVE = YES;
				CLANG_WARN_UNGUARDED_AVAILABILITY = YES_AGGRESSIVE;
				CLANG_WARN_UNREACHABLE_CODE = YES;
				CLANG_WARN__DUPLICATE_METHOD_MATCH = YES;
				COPY_PHASE_STRIP = NO;
				DEBUG_INFORMATION_FORMAT = "dwarf-with-dsym";
				ENABLE_NS_ASSERTIONS = NO;
				ENABLE_STRICT_OBJC_MSGSEND = YES;
				GCC_C_LANGUAGE_STANDARD = gnu11;
				GCC_NO_COMMON_BLOCKS = YES;
				GCC_WARN_64_TO_32_BIT_CONVERSION = YES;
				GCC_WARN_ABOUT_RETURN_TYPE = YES_ERROR;
				GCC_WARN_UNDECLARED_SELECTOR = YES;
				GCC_WARN_UNINITIALIZED_AUTOS = YES_AGGRESSIVE;
				GCC_WARN_UNUSED_FUNCTION = YES;
				GCC_WARN_UNUSED_VARIABLE = YES;
				IPHONEOS_DEPLOYMENT_TARGET = 13.2;
				MTL_ENABLE_DEBUG_INFO = NO;
				MTL_FAST_MATH = YES;
				SDKROOT = iphoneos;
				SWIFT_COMPILATION_MODE = wholemodule;
				SWIFT_OPTIMIZATION_LEVEL = "-O";
				VALIDATE_PRODUCT = YES;
			};
			name = Release;
		};
		7932BD102388DAE700B4F9A4 /* Debug */ = {
			isa = XCBuildConfiguration;
			buildSettings = {
				ASSETCATALOG_COMPILER_APPICON_NAME = AppIcon;
				CODE_SIGN_STYLE = Automatic;
				DEVELOPMENT_ASSET_PATHS = "\"FB2019_lbta/Preview Content\"";
				ENABLE_PREVIEWS = YES;
				INFOPLIST_FILE = FB2019_lbta/Info.plist;
				LD_RUNPATH_SEARCH_PATHS = (
					"$(inherited)",
					"@executable_path/Frameworks",
				);
				PRODUCT_BUNDLE_IDENTIFIER = "com.nickh.FB2019-lbta";
				PRODUCT_NAME = "$(TARGET_NAME)";
				SWIFT_VERSION = 5.0;
				TARGETED_DEVICE_FAMILY = "1,2";
			};
			name = Debug;
		};
		7932BD112388DAE700B4F9A4 /* Release */ = {
			isa = XCBuildConfiguration;
			buildSettings = {
				ASSETCATALOG_COMPILER_APPICON_NAME = AppIcon;
				CODE_SIGN_STYLE = Automatic;
				DEVELOPMENT_ASSET_PATHS = "\"FB2019_lbta/Preview Content\"";
				ENABLE_PREVIEWS = YES;
				INFOPLIST_FILE = FB2019_lbta/Info.plist;
				LD_RUNPATH_SEARCH_PATHS = (
					"$(inherited)",
					"@executable_path/Frameworks",
				);
				PRODUCT_BUNDLE_IDENTIFIER = "com.nickh.FB2019-lbta";
				PRODUCT_NAME = "$(TARGET_NAME)";
				SWIFT_VERSION = 5.0;
				TARGETED_DEVICE_FAMILY = "1,2";
			};
			name = Release;
		};
/* End XCBuildConfiguration section */

/* Begin XCConfigurationList section */
		7932BCF62388DAE500B4F9A4 /* Build configuration list for PBXProject "FB2019_lbta" */ = {
			isa = XCConfigurationList;
			buildConfigurations = (
				7932BD0D2388DAE700B4F9A4 /* Debug */,
				7932BD0E2388DAE700B4F9A4 /* Release */,
			);
			defaultConfigurationIsVisible = 0;
			defaultConfigurationName = Release;
		};
		7932BD0F2388DAE700B4F9A4 /* Build configuration list for PBXNativeTarget "FB2019_lbta" */ = {
			isa = XCConfigurationList;
			buildConfigurations = (
				7932BD102388DAE700B4F9A4 /* Debug */,
				7932BD112388DAE700B4F9A4 /* Release */,
			);
			defaultConfigurationIsVisible = 0;
			defaultConfigurationName = Release;
		};
/* End XCConfigurationList section */

/* Begin XCRemoteSwiftPackageReference section */
		7932BD142388DFF000B4F9A4 /* XCRemoteSwiftPackageReference "LBTATools" */ = {
			isa = XCRemoteSwiftPackageReference;
			repositoryURL = "https://github.com/bhlvoong/LBTATools.git";
			requirement = {
				kind = upToNextMajorVersion;
				minimumVersion = 1.0.14;
			};
		};
/* End XCRemoteSwiftPackageReference section */

/* Begin XCSwiftPackageProductDependency section */
		7932BD152388DFF000B4F9A4 /* LBTATools */ = {
			isa = XCSwiftPackageProductDependency;
			package = 7932BD142388DFF000B4F9A4 /* XCRemoteSwiftPackageReference "LBTATools" */;
			productName = LBTATools;
		};
/* End XCSwiftPackageProductDependency section */
	};
	rootObject = 7932BCF32388DAE500B4F9A4 /* Project object */;
}
